
Microsoft Visual Studio Solution File, Format Version 12.00
# Visual Studio Version 17
VisualStudioVersion = 17.14.36623.8
MinimumVisualStudioVersion = 10.0.40219.1
Project("{FAE04EC0-301F-11D3-BF4B-00C04F79EFBC}") = "Investimentos.API", "Investimentos\Investimentos.API.csproj", "{256C6ED9-4785-4098-AEC7-D645746C6E46}"
EndProject
Project("{FAE04EC0-301F-11D3-BF4B-00C04F79EFBC}") = "Investimentos.Domain", "Investimentos.Domain\Investimentos.Domain.csproj", "{FE31155E-66EA-43F0-8453-6A93262BE92A}"
EndProject
Project("{FAE04EC0-301F-11D3-BF4B-00C04F79EFBC}") = "Investimentos.Application", "Investimentos.Application\Investimentos.Application.csproj", "{F0319898-CF0B-41C8-9F31-3077FF4A607A}"
EndProject
Project("{FAE04EC0-301F-11D3-BF4B-00C04F79EFBC}") = "Investimentos.Infrastructure", "Investmentos.Infrastructure\Investimentos.Infrastructure.csproj", "{28575C56-812F-49E7-A951-296F0193B36F}"
EndProject
Project("{2150E333-8FDC-42A3-9474-1A3956D46DE8}") = "tests", "tests", "{0AB3BF05-4346-4AA6-1389-037BE0695223}"
EndProject
Project("{FAE04EC0-301F-11D3-BF4B-00C04F79EFBC}") = "Investimentos.Application.Tests", "tests\Investimentos.Application.Tests\Investimentos.Application.Tests.csproj", "{5047DE61-96FE-4D12-B32E-2C5B21E5B5AE}"
EndProject
Global
	GlobalSection(SolutionConfigurationPlatforms) = preSolution
		Debug|Any CPU = Debug|Any CPU
		Debug|x64 = Debug|x64
		Debug|x86 = Debug|x86
		Release|Any CPU = Release|Any CPU
		Release|x64 = Release|x64
		Release|x86 = Release|x86
	EndGlobalSection
	GlobalSection(ProjectConfigurationPlatforms) = postSolution
		{256C6ED9-4785-4098-AEC7-D645746C6E46}.Debug|Any CPU.ActiveCfg = Debug|Any CPU
		{256C6ED9-4785-4098-AEC7-D645746C6E46}.Debug|Any CPU.Build.0 = Debug|Any CPU
		{256C6ED9-4785-4098-AEC7-D645746C6E46}.Debug|x64.ActiveCfg = Debug|Any CPU
		{256C6ED9-4785-4098-AEC7-D645746C6E46}.Debug|x64.Build.0 = Debug|Any CPU
		{256C6ED9-4785-4098-AEC7-D645746C6E46}.Debug|x86.ActiveCfg = Debug|Any CPU
		{256C6ED9-4785-4098-AEC7-D645746C6E46}.Debug|x86.Build.0 = Debug|Any CPU
		{256C6ED9-4785-4098-AEC7-D645746C6E46}.Release|Any CPU.ActiveCfg = Release|Any CPU
		{256C6ED9-4785-4098-AEC7-D645746C6E46}.Release|Any CPU.Build.0 = Release|Any CPU
		{256C6ED9-4785-4098-AEC7-D645746C6E46}.Release|x64.ActiveCfg = Release|Any CPU
		{256C6ED9-4785-4098-AEC7-D645746C6E46}.Release|x64.Build.0 = Release|Any CPU
		{256C6ED9-4785-4098-AEC7-D645746C6E46}.Release|x86.ActiveCfg = Release|Any CPU
		{256C6ED9-4785-4098-AEC7-D645746C6E46}.Release|x86.Build.0 = Release|Any CPU
		{FE31155E-66EA-43F0-8453-6A93262BE92A}.Debug|Any CPU.ActiveCfg = Debug|Any CPU
		{FE31155E-66EA-43F0-8453-6A93262BE92A}.Debug|Any CPU.Build.0 = Debug|Any CPU
		{FE31155E-66EA-43F0-8453-6A93262BE92A}.Debug|x64.ActiveCfg = Debug|Any CPU
		{FE31155E-66EA-43F0-8453-6A93262BE92A}.Debug|x64.Build.0 = Debug|Any CPU
		{FE31155E-66EA-43F0-8453-6A93262BE92A}.Debug|x86.ActiveCfg = Debug|Any CPU
		{FE31155E-66EA-43F0-8453-6A93262BE92A}.Debug|x86.Build.0 = Debug|Any CPU
		{FE31155E-66EA-43F0-8453-6A93262BE92A}.Release|Any CPU.ActiveCfg = Release|Any CPU
		{FE31155E-66EA-43F0-8453-6A93262BE92A}.Release|Any CPU.Build.0 = Release|Any CPU
		{FE31155E-66EA-43F0-8453-6A93262BE92A}.Release|x64.ActiveCfg = Release|Any CPU
		{FE31155E-66EA-43F0-8453-6A93262BE92A}.Release|x64.Build.0 = Release|Any CPU
		{FE31155E-66EA-43F0-8453-6A93262BE92A}.Release|x86.ActiveCfg = Release|Any CPU
		{FE31155E-66EA-43F0-8453-6A93262BE92A}.Release|x86.Build.0 = Release|Any CPU
		{F0319898-CF0B-41C8-9F31-3077FF4A607A}.Debug|Any CPU.ActiveCfg = Debug|Any CPU
		{F0319898-CF0B-41C8-9F31-3077FF4A607A}.Debug|Any CPU.Build.0 = Debug|Any CPU
		{F0319898-CF0B-41C8-9F31-3077FF4A607A}.Debug|x64.ActiveCfg = Debug|Any CPU
		{F0319898-CF0B-41C8-9F31-3077FF4A607A}.Debug|x64.Build.0 = Debug|Any CPU
		{F0319898-CF0B-41C8-9F31-3077FF4A607A}.Debug|x86.ActiveCfg = Debug|Any CPU
		{F0319898-CF0B-41C8-9F31-3077FF4A607A}.Debug|x86.Build.0 = Debug|Any CPU
		{F0319898-CF0B-41C8-9F31-3077FF4A607A}.Release|Any CPU.ActiveCfg = Release|Any CPU
		{F0319898-CF0B-41C8-9F31-3077FF4A607A}.Release|Any CPU.Build.0 = Release|Any CPU
		{F0319898-CF0B-41C8-9F31-3077FF4A607A}.Release|x64.ActiveCfg = Release|Any CPU
		{F0319898-CF0B-41C8-9F31-3077FF4A607A}.Release|x64.Build.0 = Release|Any CPU
		{F0319898-CF0B-41C8-9F31-3077FF4A607A}.Release|x86.ActiveCfg = Release|Any CPU
		{F0319898-CF0B-41C8-9F31-3077FF4A607A}.Release|x86.Build.0 = Release|Any CPU
		{28575C56-812F-49E7-A951-296F0193B36F}.Debug|Any CPU.ActiveCfg = Debug|Any CPU
		{28575C56-812F-49E7-A951-296F0193B36F}.Debug|Any CPU.Build.0 = Debug|Any CPU
		{28575C56-812F-49E7-A951-296F0193B36F}.Debug|x64.ActiveCfg = Debug|Any CPU
		{28575C56-812F-49E7-A951-296F0193B36F}.Debug|x64.Build.0 = Debug|Any CPU
		{28575C56-812F-49E7-A951-296F0193B36F}.Debug|x86.ActiveCfg = Debug|Any CPU
		{28575C56-812F-49E7-A951-296F0193B36F}.Debug|x86.Build.0 = Debug|Any CPU
		{28575C56-812F-49E7-A951-296F0193B36F}.Release|Any CPU.ActiveCfg = Release|Any CPU
		{28575C56-812F-49E7-A951-296F0193B36F}.Release|Any CPU.Build.0 = Release|Any CPU
		{28575C56-812F-49E7-A951-296F0193B36F}.Release|x64.ActiveCfg = Release|Any CPU
		{28575C56-812F-49E7-A951-296F0193B36F}.Release|x64.Build.0 = Release|Any CPU
		{28575C56-812F-49E7-A951-296F0193B36F}.Release|x86.ActiveCfg = Release|Any CPU
		{28575C56-812F-49E7-A951-296F0193B36F}.Release|x86.Build.0 = Release|Any CPU
		{5047DE61-96FE-4D12-B32E-2C5B21E5B5AE}.Debug|Any CPU.ActiveCfg = Debug|Any CPU
		{5047DE61-96FE-4D12-B32E-2C5B21E5B5AE}.Debug|Any CPU.Build.0 = Debug|Any CPU
		{5047DE61-96FE-4D12-B32E-2C5B21E5B5AE}.Debug|x64.ActiveCfg = Debug|Any CPU
		{5047DE61-96FE-4D12-B32E-2C5B21E5B5AE}.Debug|x64.Build.0 = Debug|Any CPU
		{5047DE61-96FE-4D12-B32E-2C5B21E5B5AE}.Debug|x86.ActiveCfg = Debug|Any CPU
		{5047DE61-96FE-4D12-B32E-2C5B21E5B5AE}.Debug|x86.Build.0 = Debug|Any CPU
		{5047DE61-96FE-4D12-B32E-2C5B21E5B5AE}.Release|Any CPU.ActiveCfg = Release|Any CPU
		{5047DE61-96FE-4D12-B32E-2C5B21E5B5AE}.Release|Any CPU.Build.0 = Release|Any CPU
		{5047DE61-96FE-4D12-B32E-2C5B21E5B5AE}.Release|x64.ActiveCfg = Release|Any CPU
		{5047DE61-96FE-4D12-B32E-2C5B21E5B5AE}.Release|x64.Build.0 = Release|Any CPU
		{5047DE61-96FE-4D12-B32E-2C5B21E5B5AE}.Release|x86.ActiveCfg = Release|Any CPU
		{5047DE61-96FE-4D12-B32E-2C5B21E5B5AE}.Release|x86.Build.0 = Release|Any CPU
	EndGlobalSection
	GlobalSection(SolutionProperties) = preSolution
		HideSolutionNode = FALSE
	EndGlobalSection
	GlobalSection(NestedProjects) = preSolution
		{5047DE61-96FE-4D12-B32E-2C5B21E5B5AE} = {0AB3BF05-4346-4AA6-1389-037BE0695223}
	EndGlobalSection
	GlobalSection(ExtensibilityGlobals) = postSolution
		SolutionGuid = {69F2B867-3186-460A-AEBB-5DECF77E0E62}
	EndGlobalSection
EndGlobal
